
Microsoft Visual Studio Solution File, Format Version 12.00
# Visual Studio Version 16
VisualStudioVersion = 16.0.30523.141
MinimumVisualStudioVersion = 10.0.40219.1
Project("{FAE04EC0-301F-11D3-BF4B-00C04F79EFBC}") = "HMI", "HMI\HMI.csproj", "{2725C3D4-BDD5-4089-9C8C-FAF00FC32769}"
EndProject
Global
	GlobalSection(SolutionConfigurationPlatforms) = preSolution
		Debug|Any CPU = Debug|Any CPU
		Debug|x64 = Debug|x64
		Release|Any CPU = Release|Any CPU
		Release|x64 = Release|x64
	EndGlobalSection
	GlobalSection(ProjectConfigurationPlatforms) = postSolution
		{2725C3D4-BDD5-4089-9C8C-FAF00FC32769}.Debug|Any CPU.ActiveCfg = Debug|Any CPU
		{2725C3D4-BDD5-4089-9C8C-FAF00FC32769}.Debug|Any CPU.Build.0 = Debug|Any CPU
		{2725C3D4-BDD5-4089-9C8C-FAF00FC32769}.Debug|x64.ActiveCfg = Debug|x64
		{2725C3D4-BDD5-4089-9C8C-FAF00FC32769}.Release|Any CPU.ActiveCfg = Debug|Any CPU
		{2725C3D4-BDD5-4089-9C8C-FAF00FC32769}.Release|x64.ActiveCfg = Debug|Any CPU
	EndGlobalSection
	GlobalSection(SolutionProperties) = preSolution
		HideSolutionNode = FALSE
	EndGlobalSection
	GlobalSection(ExtensibilityGlobals) = postSolution
		SolutionGuid = {C65534D4-ADC7-449E-B5F8-B17FC83ECB7F}
	EndGlobalSection
EndGlobal
